
Microsoft Visual Studio Solution File, Format Version 12.00
# Visual Studio 2013
VisualStudioVersion = 12.0.40629.0
MinimumVisualStudioVersion = 10.0.40219.1
Project("{FAE04EC0-301F-11D3-BF4B-00C04F79EFBC}") = "Lithnet.Transforms", "Lithnet.Transforms\Lithnet.Transforms.csproj", "{3EEACB2D-E292-4DCE-A476-1BE0F4897E19}"
EndProject
Project("{FAE04EC0-301F-11D3-BF4B-00C04F79EFBC}") = "Lithnet.Transforms.Presentation", "Lithnet.Transforms.Presentation\Lithnet.Transforms.Presentation.csproj", "{E5B53764-629F-4ED6-BE7E-B87DBF869582}"
EndProject
Project("{FAE04EC0-301F-11D3-BF4B-00C04F79EFBC}") = "Lithnet.Transforms.UnitTests", "Lithnet.Transforms.UnitTests\Lithnet.Transforms.UnitTests.csproj", "{3FF9AD97-2F6F-4B89-88A6-F22B9B97BF19}"
EndProject
Project("{FAE04EC0-301F-11D3-BF4B-00C04F79EFBC}") = "Lithnet.Umare", "Lithnet.Umare\Lithnet.Umare.csproj", "{83D5A7EF-4D0D-4445-A85D-61F34FE66CBA}"
EndProject
Project("{FAE04EC0-301F-11D3-BF4B-00C04F79EFBC}") = "Lithnet.Umare.Presentation", "Lithnet.Umare.Presentation\Lithnet.Umare.Presentation.csproj", "{E4FB5273-CDE9-4B15-B137-EEBA9AE2F2F6}"
EndProject
Project("{FAE04EC0-301F-11D3-BF4B-00C04F79EFBC}") = "Lithnet.Umare.RulesExtension", "Lithnet.Umare.RulesExtension\Lithnet.Umare.RulesExtension.csproj", "{9278F96A-6E8C-4D7D-A82A-D0A9FFC1F58C}"
EndProject
Project("{FAE04EC0-301F-11D3-BF4B-00C04F79EFBC}") = "Lithnet.Umare.Editor", "Lithnet.Umare.Editor\Lithnet.Umare.Editor.csproj", "{C18A1E08-AE60-402C-9145-1D532B973EAC}"
EndProject
Project("{FAE04EC0-301F-11D3-BF4B-00C04F79EFBC}") = "Lithnet.Umare.UnitTests", "Lithnet.Umare.UnitTests\Lithnet.Umare.UnitTests.csproj", "{142E87AC-FCBA-488A-83C0-34A599D2BA6D}"
EndProject
Project("{930C7802-8A8C-48F9-8165-68863BCCD9DD}") = "Lithnet.Umare.Installer", "Lithnet.Umare.Installer\Lithnet.Umare.Installer.wixproj", "{254FDCCA-0C65-4A48-BF2C-2CDBF6A07C61}"
EndProject
Global
	GlobalSection(SolutionConfigurationPlatforms) = preSolution
		Debug|Any CPU = Debug|Any CPU
		Debug|Mixed Platforms = Debug|Mixed Platforms
		Debug|x86 = Debug|x86
		Release|Any CPU = Release|Any CPU
		Release|Mixed Platforms = Release|Mixed Platforms
		Release|x86 = Release|x86
	EndGlobalSection
	GlobalSection(ProjectConfigurationPlatforms) = postSolution
		{3EEACB2D-E292-4DCE-A476-1BE0F4897E19}.Debug|Any CPU.ActiveCfg = Debug|Any CPU
		{3EEACB2D-E292-4DCE-A476-1BE0F4897E19}.Debug|Any CPU.Build.0 = Debug|Any CPU
		{3EEACB2D-E292-4DCE-A476-1BE0F4897E19}.Debug|Mixed Platforms.ActiveCfg = Debug|Any CPU
		{3EEACB2D-E292-4DCE-A476-1BE0F4897E19}.Debug|Mixed Platforms.Build.0 = Debug|Any CPU
		{3EEACB2D-E292-4DCE-A476-1BE0F4897E19}.Debug|x86.ActiveCfg = Debug|Any CPU
		{3EEACB2D-E292-4DCE-A476-1BE0F4897E19}.Release|Any CPU.ActiveCfg = Release|Any CPU
		{3EEACB2D-E292-4DCE-A476-1BE0F4897E19}.Release|Any CPU.Build.0 = Release|Any CPU
		{3EEACB2D-E292-4DCE-A476-1BE0F4897E19}.Release|Mixed Platforms.ActiveCfg = Release|Any CPU
		{3EEACB2D-E292-4DCE-A476-1BE0F4897E19}.Release|Mixed Platforms.Build.0 = Release|Any CPU
		{3EEACB2D-E292-4DCE-A476-1BE0F4897E19}.Release|x86.ActiveCfg = Release|Any CPU
		{E5B53764-629F-4ED6-BE7E-B87DBF869582}.Debug|Any CPU.ActiveCfg = Debug|Any CPU
		{E5B53764-629F-4ED6-BE7E-B87DBF869582}.Debug|Any CPU.Build.0 = Debug|Any CPU
		{E5B53764-629F-4ED6-BE7E-B87DBF869582}.Debug|Mixed Platforms.ActiveCfg = Debug|Any CPU
		{E5B53764-629F-4ED6-BE7E-B87DBF869582}.Debug|Mixed Platforms.Build.0 = Debug|Any CPU
		{E5B53764-629F-4ED6-BE7E-B87DBF869582}.Debug|x86.ActiveCfg = Debug|Any CPU
		{E5B53764-629F-4ED6-BE7E-B87DBF869582}.Release|Any CPU.ActiveCfg = Release|Any CPU
		{E5B53764-629F-4ED6-BE7E-B87DBF869582}.Release|Any CPU.Build.0 = Release|Any CPU
		{E5B53764-629F-4ED6-BE7E-B87DBF869582}.Release|Mixed Platforms.ActiveCfg = Release|Any CPU
		{E5B53764-629F-4ED6-BE7E-B87DBF869582}.Release|Mixed Platforms.Build.0 = Release|Any CPU
		{E5B53764-629F-4ED6-BE7E-B87DBF869582}.Release|x86.ActiveCfg = Release|Any CPU
		{3FF9AD97-2F6F-4B89-88A6-F22B9B97BF19}.Debug|Any CPU.ActiveCfg = Debug|Any CPU
		{3FF9AD97-2F6F-4B89-88A6-F22B9B97BF19}.Debug|Any CPU.Build.0 = Debug|Any CPU
		{3FF9AD97-2F6F-4B89-88A6-F22B9B97BF19}.Debug|Mixed Platforms.ActiveCfg = Debug|Any CPU
		{3FF9AD97-2F6F-4B89-88A6-F22B9B97BF19}.Debug|Mixed Platforms.Build.0 = Debug|Any CPU
		{3FF9AD97-2F6F-4B89-88A6-F22B9B97BF19}.Debug|x86.ActiveCfg = Debug|Any CPU
		{3FF9AD97-2F6F-4B89-88A6-F22B9B97BF19}.Release|Any CPU.ActiveCfg = Release|Any CPU
		{3FF9AD97-2F6F-4B89-88A6-F22B9B97BF19}.Release|Any CPU.Build.0 = Release|Any CPU
		{3FF9AD97-2F6F-4B89-88A6-F22B9B97BF19}.Release|Mixed Platforms.ActiveCfg = Release|Any CPU
		{3FF9AD97-2F6F-4B89-88A6-F22B9B97BF19}.Release|Mixed Platforms.Build.0 = Release|Any CPU
		{3FF9AD97-2F6F-4B89-88A6-F22B9B97BF19}.Release|x86.ActiveCfg = Release|Any CPU
		{83D5A7EF-4D0D-4445-A85D-61F34FE66CBA}.Debug|Any CPU.ActiveCfg = Debug|Any CPU
		{83D5A7EF-4D0D-4445-A85D-61F34FE66CBA}.Debug|Any CPU.Build.0 = Debug|Any CPU
		{83D5A7EF-4D0D-4445-A85D-61F34FE66CBA}.Debug|Mixed Platforms.ActiveCfg = Debug|Any CPU
		{83D5A7EF-4D0D-4445-A85D-61F34FE66CBA}.Debug|Mixed Platforms.Build.0 = Debug|Any CPU
		{83D5A7EF-4D0D-4445-A85D-61F34FE66CBA}.Debug|x86.ActiveCfg = Debug|Any CPU
		{83D5A7EF-4D0D-4445-A85D-61F34FE66CBA}.Release|Any CPU.ActiveCfg = Release|Any CPU
		{83D5A7EF-4D0D-4445-A85D-61F34FE66CBA}.Release|Any CPU.Build.0 = Release|Any CPU
		{83D5A7EF-4D0D-4445-A85D-61F34FE66CBA}.Release|Mixed Platforms.ActiveCfg = Release|Any CPU
		{83D5A7EF-4D0D-4445-A85D-61F34FE66CBA}.Release|Mixed Platforms.Build.0 = Release|Any CPU
		{83D5A7EF-4D0D-4445-A85D-61F34FE66CBA}.Release|x86.ActiveCfg = Release|Any CPU
		{E4FB5273-CDE9-4B15-B137-EEBA9AE2F2F6}.Debug|Any CPU.ActiveCfg = Debug|Any CPU
		{E4FB5273-CDE9-4B15-B137-EEBA9AE2F2F6}.Debug|Any CPU.Build.0 = Debug|Any CPU
		{E4FB5273-CDE9-4B15-B137-EEBA9AE2F2F6}.Debug|Mixed Platforms.ActiveCfg = Debug|Any CPU
		{E4FB5273-CDE9-4B15-B137-EEBA9AE2F2F6}.Debug|Mixed Platforms.Build.0 = Debug|Any CPU
		{E4FB5273-CDE9-4B15-B137-EEBA9AE2F2F6}.Debug|x86.ActiveCfg = Debug|Any CPU
		{E4FB5273-CDE9-4B15-B137-EEBA9AE2F2F6}.Release|Any CPU.ActiveCfg = Release|Any CPU
		{E4FB5273-CDE9-4B15-B137-EEBA9AE2F2F6}.Release|Any CPU.Build.0 = Release|Any CPU
		{E4FB5273-CDE9-4B15-B137-EEBA9AE2F2F6}.Release|Mixed Platforms.ActiveCfg = Release|Any CPU
		{E4FB5273-CDE9-4B15-B137-EEBA9AE2F2F6}.Release|Mixed Platforms.Build.0 = Release|Any CPU
		{E4FB5273-CDE9-4B15-B137-EEBA9AE2F2F6}.Release|x86.ActiveCfg = Release|Any CPU
		{9278F96A-6E8C-4D7D-A82A-D0A9FFC1F58C}.Debug|Any CPU.ActiveCfg = Debug|Any CPU
		{9278F96A-6E8C-4D7D-A82A-D0A9FFC1F58C}.Debug|Any CPU.Build.0 = Debug|Any CPU
		{9278F96A-6E8C-4D7D-A82A-D0A9FFC1F58C}.Debug|Mixed Platforms.ActiveCfg = Debug|Any CPU
		{9278F96A-6E8C-4D7D-A82A-D0A9FFC1F58C}.Debug|Mixed Platforms.Build.0 = Debug|Any CPU
		{9278F96A-6E8C-4D7D-A82A-D0A9FFC1F58C}.Debug|x86.ActiveCfg = Debug|Any CPU
		{9278F96A-6E8C-4D7D-A82A-D0A9FFC1F58C}.Release|Any CPU.ActiveCfg = Release|Any CPU
		{9278F96A-6E8C-4D7D-A82A-D0A9FFC1F58C}.Release|Any CPU.Build.0 = Release|Any CPU
		{9278F96A-6E8C-4D7D-A82A-D0A9FFC1F58C}.Release|Mixed Platforms.ActiveCfg = Release|Any CPU
		{9278F96A-6E8C-4D7D-A82A-D0A9FFC1F58C}.Release|Mixed Platforms.Build.0 = Release|Any CPU
		{9278F96A-6E8C-4D7D-A82A-D0A9FFC1F58C}.Release|x86.ActiveCfg = Release|Any CPU
		{C18A1E08-AE60-402C-9145-1D532B973EAC}.Debug|Any CPU.ActiveCfg = Debug|Any CPU
		{C18A1E08-AE60-402C-9145-1D532B973EAC}.Debug|Any CPU.Build.0 = Debug|Any CPU
		{C18A1E08-AE60-402C-9145-1D532B973EAC}.Debug|Mixed Platforms.ActiveCfg = Debug|Any CPU
		{C18A1E08-AE60-402C-9145-1D532B973EAC}.Debug|Mixed Platforms.Build.0 = Debug|Any CPU
		{C18A1E08-AE60-402C-9145-1D532B973EAC}.Debug|x86.ActiveCfg = Debug|Any CPU
		{C18A1E08-AE60-402C-9145-1D532B973EAC}.Release|Any CPU.ActiveCfg = Release|Any CPU
		{C18A1E08-AE60-402C-9145-1D532B973EAC}.Release|Any CPU.Build.0 = Release|Any CPU
		{C18A1E08-AE60-402C-9145-1D532B973EAC}.Release|Mixed Platforms.ActiveCfg = Release|Any CPU
		{C18A1E08-AE60-402C-9145-1D532B973EAC}.Release|Mixed Platforms.Build.0 = Release|Any CPU
		{C18A1E08-AE60-402C-9145-1D532B973EAC}.Release|x86.ActiveCfg = Release|Any CPU
		{142E87AC-FCBA-488A-83C0-34A599D2BA6D}.Debug|Any CPU.ActiveCfg = Debug|Any CPU
		{142E87AC-FCBA-488A-83C0-34A599D2BA6D}.Debug|Any CPU.Build.0 = Debug|Any CPU
		{142E87AC-FCBA-488A-83C0-34A599D2BA6D}.Debug|Mixed Platforms.ActiveCfg = Debug|Any CPU
		{142E87AC-FCBA-488A-83C0-34A599D2BA6D}.Debug|Mixed Platforms.Build.0 = Debug|Any CPU
		{142E87AC-FCBA-488A-83C0-34A599D2BA6D}.Debug|x86.ActiveCfg = Debug|Any CPU
		{142E87AC-FCBA-488A-83C0-34A599D2BA6D}.Release|Any CPU.ActiveCfg = Release|Any CPU
		{142E87AC-FCBA-488A-83C0-34A599D2BA6D}.Release|Any CPU.Build.0 = Release|Any CPU
		{142E87AC-FCBA-488A-83C0-34A599D2BA6D}.Release|Mixed Platforms.ActiveCfg = Release|Any CPU
		{142E87AC-FCBA-488A-83C0-34A599D2BA6D}.Release|Mixed Platforms.Build.0 = Release|Any CPU
		{142E87AC-FCBA-488A-83C0-34A599D2BA6D}.Release|x86.ActiveCfg = Release|Any CPU
		{254FDCCA-0C65-4A48-BF2C-2CDBF6A07C61}.Debug|Any CPU.ActiveCfg = Debug|x64
		{254FDCCA-0C65-4A48-BF2C-2CDBF6A07C61}.Debug|Mixed Platforms.ActiveCfg = Debug|x64
		{254FDCCA-0C65-4A48-BF2C-2CDBF6A07C61}.Debug|Mixed Platforms.Build.0 = Debug|x64
		{254FDCCA-0C65-4A48-BF2C-2CDBF6A07C61}.Debug|x86.ActiveCfg = Debug|x64
		{254FDCCA-0C65-4A48-BF2C-2CDBF6A07C61}.Release|Any CPU.ActiveCfg = Release|x64
		{254FDCCA-0C65-4A48-BF2C-2CDBF6A07C61}.Release|Mixed Platforms.ActiveCfg = Release|x64
		{254FDCCA-0C65-4A48-BF2C-2CDBF6A07C61}.Release|Mixed Platforms.Build.0 = Release|x64
		{254FDCCA-0C65-4A48-BF2C-2CDBF6A07C61}.Release|x86.ActiveCfg = Release|x64
	EndGlobalSection
	GlobalSection(SolutionProperties) = preSolution
		HideSolutionNode = FALSE
	EndGlobalSection
EndGlobal
